
Microsoft Visual Studio Solution File, Format Version 12.00
# Visual Studio Version 17
VisualStudioVersion = 17.12.35527.113
MinimumVisualStudioVersion = 10.0.40219.1
Project("{FAE04EC0-301F-11D3-BF4B-00C04F79EFBC}") = "PCL_API", "PCL_API.csproj", "{A877564C-FD02-44A5-86E0-FEC489DF1427}"
EndProject
Project("{2150E333-8FDC-42A3-9474-1A3956D46DE8}") = "Common", "Common", "{DB0E6371-3546-4EA0-8C7B-849D33AB8CEB}"
EndProject
Project("{FAE04EC0-301F-11D3-BF4B-00C04F79EFBC}") = "Common.Domain", "..\Common\Common.Domain\Common.Domain.csproj", "{586B654B-0FA7-4DCF-A2F1-B7FA603EF816}"
EndProject
Project("{FAE04EC0-301F-11D3-BF4B-00C04F79EFBC}") = "Common.Application", "..\Common\Common.Application\Common.Application.csproj", "{ABCFA149-3021-4B80-B0DA-AEFAAF1620ED}"
EndProject
Project("{FAE04EC0-301F-11D3-BF4B-00C04F79EFBC}") = "Common.Infrastructure", "..\Common\Common.Infrastructure\Common.Infrastructure.csproj", "{FFC19999-53E8-492B-8ED8-104EF96B8A9A}"
EndProject
Project("{FAE04EC0-301F-11D3-BF4B-00C04F79EFBC}") = "Common.Presentation", "..\Common\Common.Presentation\Common.Presentation.csproj", "{8DF1730D-BDBA-466C-8A21-85E21B5D2882}"
EndProject
Project("{2150E333-8FDC-42A3-9474-1A3956D46DE8}") = "Module", "Module", "{B18413E5-7C11-4166-A9EB-FC32EDC0CDCF}"
EndProject
Project("{FAE04EC0-301F-11D3-BF4B-00C04F79EFBC}") = "PCL.Modules.Session.Domain", "..\Modules\Session\PCL.Modules.Session.Domain\PCL.Modules.Session.Domain.csproj", "{D44CB122-ED30-4B89-8CDE-B6EA96AF472E}"
EndProject
Project("{2150E333-8FDC-42A3-9474-1A3956D46DE8}") = "Session", "Session", "{320E7204-A08F-4399-83E2-064937A0FFB2}"
EndProject
Project("{2150E333-8FDC-42A3-9474-1A3956D46DE8}") = "TaskPlanning", "TaskPlanning", "{F16A81C4-30CB-4FEC-9E35-BC6F3490165C}"
EndProject
Project("{FAE04EC0-301F-11D3-BF4B-00C04F79EFBC}") = "PCL.Modules.Session.Application", "..\Modules\Session\PCL.Modules.Session.Application\PCL.Modules.Session.Application.csproj", "{D89DC94B-18E9-4BDE-8DB6-013A2BD30B6B}"
EndProject
Project("{FAE04EC0-301F-11D3-BF4B-00C04F79EFBC}") = "PCL.Modules.Session.Infrastructure", "..\Modules\Session\PCL.Modules.Session.Infrastructure\PCL.Modules.Session.Infrastructure.csproj", "{259EFF56-0C18-4697-9638-11CC3B41F3BA}"
EndProject
Project("{FAE04EC0-301F-11D3-BF4B-00C04F79EFBC}") = "PCL.Modules.Session.Presentation", "..\Modules\Session\PCL.Modules.Session.Presentation\PCL.Modules.Session.Presentation.csproj", "{254D2589-C11F-4B34-B2BC-634153B0D47C}"
EndProject
Project("{FAE04EC0-301F-11D3-BF4B-00C04F79EFBC}") = "PCL.Modules.TaskPlanning.Domain", "..\Modules\TaskPlanning\PCL.Modules.TaskPlanning.Domain\PCL.Modules.TaskPlanning.Domain.csproj", "{431D574B-64A7-4FA6-9490-90140DA069B6}"
EndProject
Project("{FAE04EC0-301F-11D3-BF4B-00C04F79EFBC}") = "PCL.Modules.TaskPlanning.Application", "..\Modules\TaskPlanning\PCL.Modules.TaskPlanning.Application\PCL.Modules.TaskPlanning.Application.csproj", "{BEA23D78-4A2D-4B27-AF7C-203F7C4C3919}"
EndProject
Project("{FAE04EC0-301F-11D3-BF4B-00C04F79EFBC}") = "PCL.Modules.TaskPlanning.Infrastructure", "..\Modules\TaskPlanning\PCL.Modules.TaskPlanning.Infrastructure\PCL.Modules.TaskPlanning.Infrastructure.csproj", "{7DFB74B2-DD85-49F3-8C98-FEEA81788045}"
EndProject
Project("{FAE04EC0-301F-11D3-BF4B-00C04F79EFBC}") = "PCL.Modules.TaskPlanning.Presentation", "..\Modules\TaskPlanning\PCL.Modules.TaskPlanning.Presentation\PCL.Modules.TaskPlanning.Presentation.csproj", "{02AD9E48-E8A9-4C24-8388-CDA0B6BF1A3A}"
EndProject
Project("{FAE04EC0-301F-11D3-BF4B-00C04F79EFBC}") = "PCL.Modules.TaskPlanning.Contracts", "..\Modules\TaskPlanning\PCL.Modules.TaskPlanning.Application.Contracts\PCL.Modules.TaskPlanning.Contracts.csproj", "{638D399E-32F7-4423-AC12-9B7E1C4491EC}"
EndProject
Project("{FAE04EC0-301F-11D3-BF4B-00C04F79EFBC}") = "PCL.Modules.Session.Contracts", "..\Modules\Session\PCL.Modules.Session.Application.Contracts\PCL.Modules.Session.Contracts.csproj", "{8419B2DB-B8F8-4259-9A3A-A695029C5AEC}"
EndProject
Global
	GlobalSection(SolutionConfigurationPlatforms) = preSolution
		Debug|Any CPU = Debug|Any CPU
		Release|Any CPU = Release|Any CPU
	EndGlobalSection
	GlobalSection(ProjectConfigurationPlatforms) = postSolution
		{A877564C-FD02-44A5-86E0-FEC489DF1427}.Debug|Any CPU.ActiveCfg = Debug|Any CPU
		{A877564C-FD02-44A5-86E0-FEC489DF1427}.Debug|Any CPU.Build.0 = Debug|Any CPU
		{A877564C-FD02-44A5-86E0-FEC489DF1427}.Release|Any CPU.ActiveCfg = Release|Any CPU
		{A877564C-FD02-44A5-86E0-FEC489DF1427}.Release|Any CPU.Build.0 = Release|Any CPU
		{586B654B-0FA7-4DCF-A2F1-B7FA603EF816}.Debug|Any CPU.ActiveCfg = Debug|Any CPU
		{586B654B-0FA7-4DCF-A2F1-B7FA603EF816}.Debug|Any CPU.Build.0 = Debug|Any CPU
		{586B654B-0FA7-4DCF-A2F1-B7FA603EF816}.Release|Any CPU.ActiveCfg = Release|Any CPU
		{586B654B-0FA7-4DCF-A2F1-B7FA603EF816}.Release|Any CPU.Build.0 = Release|Any CPU
		{ABCFA149-3021-4B80-B0DA-AEFAAF1620ED}.Debug|Any CPU.ActiveCfg = Debug|Any CPU
		{ABCFA149-3021-4B80-B0DA-AEFAAF1620ED}.Debug|Any CPU.Build.0 = Debug|Any CPU
		{ABCFA149-3021-4B80-B0DA-AEFAAF1620ED}.Release|Any CPU.ActiveCfg = Release|Any CPU
		{ABCFA149-3021-4B80-B0DA-AEFAAF1620ED}.Release|Any CPU.Build.0 = Release|Any CPU
		{FFC19999-53E8-492B-8ED8-104EF96B8A9A}.Debug|Any CPU.ActiveCfg = Debug|Any CPU
		{FFC19999-53E8-492B-8ED8-104EF96B8A9A}.Debug|Any CPU.Build.0 = Debug|Any CPU
		{FFC19999-53E8-492B-8ED8-104EF96B8A9A}.Release|Any CPU.ActiveCfg = Release|Any CPU
		{FFC19999-53E8-492B-8ED8-104EF96B8A9A}.Release|Any CPU.Build.0 = Release|Any CPU
		{8DF1730D-BDBA-466C-8A21-85E21B5D2882}.Debug|Any CPU.ActiveCfg = Debug|Any CPU
		{8DF1730D-BDBA-466C-8A21-85E21B5D2882}.Debug|Any CPU.Build.0 = Debug|Any CPU
		{8DF1730D-BDBA-466C-8A21-85E21B5D2882}.Release|Any CPU.ActiveCfg = Release|Any CPU
		{8DF1730D-BDBA-466C-8A21-85E21B5D2882}.Release|Any CPU.Build.0 = Release|Any CPU
		{D44CB122-ED30-4B89-8CDE-B6EA96AF472E}.Debug|Any CPU.ActiveCfg = Debug|Any CPU
		{D44CB122-ED30-4B89-8CDE-B6EA96AF472E}.Debug|Any CPU.Build.0 = Debug|Any CPU
		{D44CB122-ED30-4B89-8CDE-B6EA96AF472E}.Release|Any CPU.ActiveCfg = Release|Any CPU
		{D44CB122-ED30-4B89-8CDE-B6EA96AF472E}.Release|Any CPU.Build.0 = Release|Any CPU
		{D89DC94B-18E9-4BDE-8DB6-013A2BD30B6B}.Debug|Any CPU.ActiveCfg = Debug|Any CPU
		{D89DC94B-18E9-4BDE-8DB6-013A2BD30B6B}.Debug|Any CPU.Build.0 = Debug|Any CPU
		{D89DC94B-18E9-4BDE-8DB6-013A2BD30B6B}.Release|Any CPU.ActiveCfg = Release|Any CPU
		{D89DC94B-18E9-4BDE-8DB6-013A2BD30B6B}.Release|Any CPU.Build.0 = Release|Any CPU
		{259EFF56-0C18-4697-9638-11CC3B41F3BA}.Debug|Any CPU.ActiveCfg = Debug|Any CPU
		{259EFF56-0C18-4697-9638-11CC3B41F3BA}.Debug|Any CPU.Build.0 = Debug|Any CPU
		{259EFF56-0C18-4697-9638-11CC3B41F3BA}.Release|Any CPU.ActiveCfg = Release|Any CPU
		{259EFF56-0C18-4697-9638-11CC3B41F3BA}.Release|Any CPU.Build.0 = Release|Any CPU
		{254D2589-C11F-4B34-B2BC-634153B0D47C}.Debug|Any CPU.ActiveCfg = Debug|Any CPU
		{254D2589-C11F-4B34-B2BC-634153B0D47C}.Debug|Any CPU.Build.0 = Debug|Any CPU
		{254D2589-C11F-4B34-B2BC-634153B0D47C}.Release|Any CPU.ActiveCfg = Release|Any CPU
		{254D2589-C11F-4B34-B2BC-634153B0D47C}.Release|Any CPU.Build.0 = Release|Any CPU
		{431D574B-64A7-4FA6-9490-90140DA069B6}.Debug|Any CPU.ActiveCfg = Debug|Any CPU
		{431D574B-64A7-4FA6-9490-90140DA069B6}.Debug|Any CPU.Build.0 = Debug|Any CPU
		{431D574B-64A7-4FA6-9490-90140DA069B6}.Release|Any CPU.ActiveCfg = Release|Any CPU
		{431D574B-64A7-4FA6-9490-90140DA069B6}.Release|Any CPU.Build.0 = Release|Any CPU
		{BEA23D78-4A2D-4B27-AF7C-203F7C4C3919}.Debug|Any CPU.ActiveCfg = Debug|Any CPU
		{BEA23D78-4A2D-4B27-AF7C-203F7C4C3919}.Debug|Any CPU.Build.0 = Debug|Any CPU
		{BEA23D78-4A2D-4B27-AF7C-203F7C4C3919}.Release|Any CPU.ActiveCfg = Release|Any CPU
		{BEA23D78-4A2D-4B27-AF7C-203F7C4C3919}.Release|Any CPU.Build.0 = Release|Any CPU
		{7DFB74B2-DD85-49F3-8C98-FEEA81788045}.Debug|Any CPU.ActiveCfg = Debug|Any CPU
		{7DFB74B2-DD85-49F3-8C98-FEEA81788045}.Debug|Any CPU.Build.0 = Debug|Any CPU
		{7DFB74B2-DD85-49F3-8C98-FEEA81788045}.Release|Any CPU.ActiveCfg = Release|Any CPU
		{7DFB74B2-DD85-49F3-8C98-FEEA81788045}.Release|Any CPU.Build.0 = Release|Any CPU
		{02AD9E48-E8A9-4C24-8388-CDA0B6BF1A3A}.Debug|Any CPU.ActiveCfg = Debug|Any CPU
		{02AD9E48-E8A9-4C24-8388-CDA0B6BF1A3A}.Debug|Any CPU.Build.0 = Debug|Any CPU
		{02AD9E48-E8A9-4C24-8388-CDA0B6BF1A3A}.Release|Any CPU.ActiveCfg = Release|Any CPU
		{02AD9E48-E8A9-4C24-8388-CDA0B6BF1A3A}.Release|Any CPU.Build.0 = Release|Any CPU
		{638D399E-32F7-4423-AC12-9B7E1C4491EC}.Debug|Any CPU.ActiveCfg = Debug|Any CPU
		{638D399E-32F7-4423-AC12-9B7E1C4491EC}.Debug|Any CPU.Build.0 = Debug|Any CPU
		{638D399E-32F7-4423-AC12-9B7E1C4491EC}.Release|Any CPU.ActiveCfg = Release|Any CPU
		{638D399E-32F7-4423-AC12-9B7E1C4491EC}.Release|Any CPU.Build.0 = Release|Any CPU
		{8419B2DB-B8F8-4259-9A3A-A695029C5AEC}.Debug|Any CPU.ActiveCfg = Debug|Any CPU
		{8419B2DB-B8F8-4259-9A3A-A695029C5AEC}.Debug|Any CPU.Build.0 = Debug|Any CPU
		{8419B2DB-B8F8-4259-9A3A-A695029C5AEC}.Release|Any CPU.ActiveCfg = Release|Any CPU
		{8419B2DB-B8F8-4259-9A3A-A695029C5AEC}.Release|Any CPU.Build.0 = Release|Any CPU
	EndGlobalSection
	GlobalSection(SolutionProperties) = preSolution
		HideSolutionNode = FALSE
	EndGlobalSection
	GlobalSection(NestedProjects) = preSolution
		{586B654B-0FA7-4DCF-A2F1-B7FA603EF816} = {DB0E6371-3546-4EA0-8C7B-849D33AB8CEB}
		{ABCFA149-3021-4B80-B0DA-AEFAAF1620ED} = {DB0E6371-3546-4EA0-8C7B-849D33AB8CEB}
		{FFC19999-53E8-492B-8ED8-104EF96B8A9A} = {DB0E6371-3546-4EA0-8C7B-849D33AB8CEB}
		{8DF1730D-BDBA-466C-8A21-85E21B5D2882} = {DB0E6371-3546-4EA0-8C7B-849D33AB8CEB}
		{D44CB122-ED30-4B89-8CDE-B6EA96AF472E} = {320E7204-A08F-4399-83E2-064937A0FFB2}
		{320E7204-A08F-4399-83E2-064937A0FFB2} = {B18413E5-7C11-4166-A9EB-FC32EDC0CDCF}
		{F16A81C4-30CB-4FEC-9E35-BC6F3490165C} = {B18413E5-7C11-4166-A9EB-FC32EDC0CDCF}
		{D89DC94B-18E9-4BDE-8DB6-013A2BD30B6B} = {320E7204-A08F-4399-83E2-064937A0FFB2}
		{259EFF56-0C18-4697-9638-11CC3B41F3BA} = {320E7204-A08F-4399-83E2-064937A0FFB2}
		{254D2589-C11F-4B34-B2BC-634153B0D47C} = {320E7204-A08F-4399-83E2-064937A0FFB2}
		{431D574B-64A7-4FA6-9490-90140DA069B6} = {F16A81C4-30CB-4FEC-9E35-BC6F3490165C}
		{BEA23D78-4A2D-4B27-AF7C-203F7C4C3919} = {F16A81C4-30CB-4FEC-9E35-BC6F3490165C}
		{7DFB74B2-DD85-49F3-8C98-FEEA81788045} = {F16A81C4-30CB-4FEC-9E35-BC6F3490165C}
		{02AD9E48-E8A9-4C24-8388-CDA0B6BF1A3A} = {F16A81C4-30CB-4FEC-9E35-BC6F3490165C}
		{638D399E-32F7-4423-AC12-9B7E1C4491EC} = {F16A81C4-30CB-4FEC-9E35-BC6F3490165C}
	EndGlobalSection
EndGlobal
